
Microsoft Visual Studio Solution File, Format Version 12.00
# Visual Studio Version 16
VisualStudioVersion = 16.0.29709.97
MinimumVisualStudioVersion = 10.0.40219.1
Project("{FAE04EC0-301F-11D3-BF4B-00C04F79EFBC}") = "Assignment2", "Assignment2\Assignment2.csproj", "{02F4BEBE-5B98-4EFC-BA8D-BED4ACAAC3C6}"
EndProject
Global
	GlobalSection(SolutionConfigurationPlatforms) = preSolution
		Debug|Any CPU = Debug|Any CPU
		Release|Any CPU = Release|Any CPU
	EndGlobalSection
	GlobalSection(ProjectConfigurationPlatforms) = postSolution
		{02F4BEBE-5B98-4EFC-BA8D-BED4ACAAC3C6}.Debug|Any CPU.ActiveCfg = Debug|Any CPU
		{02F4BEBE-5B98-4EFC-BA8D-BED4ACAAC3C6}.Debug|Any CPU.Build.0 = Debug|Any CPU
		{02F4BEBE-5B98-4EFC-BA8D-BED4ACAAC3C6}.Release|Any CPU.ActiveCfg = Release|Any CPU
		{02F4BEBE-5B98-4EFC-BA8D-BED4ACAAC3C6}.Release|Any CPU.Build.0 = Release|Any CPU
	EndGlobalSection
	GlobalSection(SolutionProperties) = preSolution
		HideSolutionNode = FALSE
	EndGlobalSection
	GlobalSection(ExtensibilityGlobals) = postSolution
		SolutionGuid = {7672B07C-BDB5-4849-96C4-2E2709503BCC}
	EndGlobalSection
EndGlobal
