
Microsoft Visual Studio Solution File, Format Version 12.00
# Visual Studio Version 16
VisualStudioVersion = 16.0.29709.97
MinimumVisualStudioVersion = 10.0.40219.1
Project("{FAE04EC0-301F-11D3-BF4B-00C04F79EFBC}") = "Assignment1", "Assignment1\Assignment1.csproj", "{95B37960-6578-4134-9727-96F7DC994213}"
EndProject
Global
	GlobalSection(SolutionConfigurationPlatforms) = preSolution
		Debug|Any CPU = Debug|Any CPU
		Release|Any CPU = Release|Any CPU
	EndGlobalSection
	GlobalSection(ProjectConfigurationPlatforms) = postSolution
		{95B37960-6578-4134-9727-96F7DC994213}.Debug|Any CPU.ActiveCfg = Debug|Any CPU
		{95B37960-6578-4134-9727-96F7DC994213}.Debug|Any CPU.Build.0 = Debug|Any CPU
		{95B37960-6578-4134-9727-96F7DC994213}.Release|Any CPU.ActiveCfg = Release|Any CPU
		{95B37960-6578-4134-9727-96F7DC994213}.Release|Any CPU.Build.0 = Release|Any CPU
	EndGlobalSection
	GlobalSection(SolutionProperties) = preSolution
		HideSolutionNode = FALSE
	EndGlobalSection
	GlobalSection(ExtensibilityGlobals) = postSolution
		SolutionGuid = {AE4E821F-2401-4E7F-B04F-3A255B762365}
	EndGlobalSection
EndGlobal
